
Microsoft Visual Studio Solution File, Format Version 12.00
# Visual Studio 14
VisualStudioVersion = 14.0.25420.1
MinimumVisualStudioVersion = 10.0.40219.1
Project("{FAE04EC0-301F-11D3-BF4B-00C04F79EFBC}") = "identityserver_server", "identityserver_server\identityserver_server.csproj", "{75B99DA5-84FB-48D6-AA76-62ADBAF7C170}"
EndProject
Project("{FAE04EC0-301F-11D3-BF4B-00C04F79EFBC}") = "identityserver_client", "identityserver_client\identityserver_client.csproj", "{1D25C4D8-DDED-4AA1-A681-6E1AF1AB97C2}"
EndProject
Project("{FAE04EC0-301F-11D3-BF4B-00C04F79EFBC}") = "identityserver_api", "identityserver_api\identityserver_api.csproj", "{8E6ABC79-EE3A-4747-B2FD-8C8EE33DB818}"
EndProject
Global
	GlobalSection(SolutionConfigurationPlatforms) = preSolution
		Debug|Any CPU = Debug|Any CPU
		Release|Any CPU = Release|Any CPU
	EndGlobalSection
	GlobalSection(ProjectConfigurationPlatforms) = postSolution
		{75B99DA5-84FB-48D6-AA76-62ADBAF7C170}.Debug|Any CPU.ActiveCfg = Debug|Any CPU
		{75B99DA5-84FB-48D6-AA76-62ADBAF7C170}.Debug|Any CPU.Build.0 = Debug|Any CPU
		{75B99DA5-84FB-48D6-AA76-62ADBAF7C170}.Release|Any CPU.ActiveCfg = Release|Any CPU
		{75B99DA5-84FB-48D6-AA76-62ADBAF7C170}.Release|Any CPU.Build.0 = Release|Any CPU
		{1D25C4D8-DDED-4AA1-A681-6E1AF1AB97C2}.Debug|Any CPU.ActiveCfg = Debug|Any CPU
		{1D25C4D8-DDED-4AA1-A681-6E1AF1AB97C2}.Debug|Any CPU.Build.0 = Debug|Any CPU
		{1D25C4D8-DDED-4AA1-A681-6E1AF1AB97C2}.Release|Any CPU.ActiveCfg = Release|Any CPU
		{1D25C4D8-DDED-4AA1-A681-6E1AF1AB97C2}.Release|Any CPU.Build.0 = Release|Any CPU
		{8E6ABC79-EE3A-4747-B2FD-8C8EE33DB818}.Debug|Any CPU.ActiveCfg = Debug|Any CPU
		{8E6ABC79-EE3A-4747-B2FD-8C8EE33DB818}.Debug|Any CPU.Build.0 = Debug|Any CPU
		{8E6ABC79-EE3A-4747-B2FD-8C8EE33DB818}.Release|Any CPU.ActiveCfg = Release|Any CPU
		{8E6ABC79-EE3A-4747-B2FD-8C8EE33DB818}.Release|Any CPU.Build.0 = Release|Any CPU
	EndGlobalSection
	GlobalSection(SolutionProperties) = preSolution
		HideSolutionNode = FALSE
	EndGlobalSection
EndGlobal
